{
  "originHash" : "5ac88404be9b4580bdd976e45cdca75202c5214af4c72861ea466c76730b91c4",
  "pins" : [
    {
      "identity" : "jwtdecode.swift",
      "kind" : "remoteSourceControl",
      "location" : "https://github.com/auth0/JWTDecode.swift",
      "state" : {
        "revision" : "1e153ef009969543191970c66b7c60163c0b4a65",
        "version" : "3.2.0"
      }
    },
    {
      "identity" : "stripe-ios-spm",
      "kind" : "remoteSourceControl",
      "location" : "https://github.com/stripe/stripe-ios-spm",
      "state" : {
        "revision" : "f61cacd2da96a72cb0e454e58ed90b12182e5b98",
        "version" : "24.7.0"
      }
    }
  ],
  "version" : 3
}
